
Microsoft Visual Studio Solution File, Format Version 12.00
# Visual Studio Version 17
VisualStudioVersion = 17.11.35219.272
MinimumVisualStudioVersion = 10.0.40219.1
Project("{FAE04EC0-301F-11D3-BF4B-00C04F79EFBC}") = "Avalonia.S7Sim", "Avalonia.S7Sim\Avalonia.S7Sim.csproj", "{5ADFF894-8F71-4DF7-BFDF-890B2E643CA7}"
EndProject
Project("{FAE04EC0-301F-11D3-BF4B-00C04F79EFBC}") = "S7Sim.Services", "S7Sim.Services\S7Sim.Services.csproj", "{08FC494C-945E-4354-B195-3EDCDD3E2F9B}"
EndProject
Project("{FAE04EC0-301F-11D3-BF4B-00C04F79EFBC}") = "S7Sim.Utils", "S7Sim.Utils\S7Sim.Utils.csproj", "{1AB0BD75-1864-42AC-9263-2155771FD9DE}"
EndProject
Global
	GlobalSection(SolutionConfigurationPlatforms) = preSolution
		Debug|Any CPU = Debug|Any CPU
		Release|Any CPU = Release|Any CPU
	EndGlobalSection
	GlobalSection(ProjectConfigurationPlatforms) = postSolution
		{5ADFF894-8F71-4DF7-BFDF-890B2E643CA7}.Debug|Any CPU.ActiveCfg = Debug|Any CPU
		{5ADFF894-8F71-4DF7-BFDF-890B2E643CA7}.Debug|Any CPU.Build.0 = Debug|Any CPU
		{5ADFF894-8F71-4DF7-BFDF-890B2E643CA7}.Release|Any CPU.ActiveCfg = Release|Any CPU
		{5ADFF894-8F71-4DF7-BFDF-890B2E643CA7}.Release|Any CPU.Build.0 = Release|Any CPU
		{08FC494C-945E-4354-B195-3EDCDD3E2F9B}.Debug|Any CPU.ActiveCfg = Debug|Any CPU
		{08FC494C-945E-4354-B195-3EDCDD3E2F9B}.Debug|Any CPU.Build.0 = Debug|Any CPU
		{08FC494C-945E-4354-B195-3EDCDD3E2F9B}.Release|Any CPU.ActiveCfg = Release|Any CPU
		{08FC494C-945E-4354-B195-3EDCDD3E2F9B}.Release|Any CPU.Build.0 = Release|Any CPU
		{1AB0BD75-1864-42AC-9263-2155771FD9DE}.Debug|Any CPU.ActiveCfg = Debug|Any CPU
		{1AB0BD75-1864-42AC-9263-2155771FD9DE}.Debug|Any CPU.Build.0 = Debug|Any CPU
		{1AB0BD75-1864-42AC-9263-2155771FD9DE}.Release|Any CPU.ActiveCfg = Release|Any CPU
		{1AB0BD75-1864-42AC-9263-2155771FD9DE}.Release|Any CPU.Build.0 = Release|Any CPU
	EndGlobalSection
	GlobalSection(SolutionProperties) = preSolution
		HideSolutionNode = FALSE
	EndGlobalSection
	GlobalSection(ExtensibilityGlobals) = postSolution
		SolutionGuid = {8C177BA2-064A-4140-89AD-146332CF7EA3}
	EndGlobalSection
EndGlobal
